
Microsoft Visual Studio Solution File, Format Version 12.00
# Visual Studio Version 16
VisualStudioVersion = 16.0.32802.440
MinimumVisualStudioVersion = 10.0.40219.1
Project("{FAE04EC0-301F-11D3-BF4B-00C04F79EFBC}") = "PermDynamics", "PermDynamics\PermDynamics.csproj", "{8DBEC7E3-9ED5-42DC-9141-D80FE2E54156}"
EndProject
Global
	GlobalSection(SolutionConfigurationPlatforms) = preSolution
		Debug|Any CPU = Debug|Any CPU
		Release|Any CPU = Release|Any CPU
	EndGlobalSection
	GlobalSection(ProjectConfigurationPlatforms) = postSolution
		{8DBEC7E3-9ED5-42DC-9141-D80FE2E54156}.Debug|Any CPU.ActiveCfg = Debug|Any CPU
		{8DBEC7E3-9ED5-42DC-9141-D80FE2E54156}.Debug|Any CPU.Build.0 = Debug|Any CPU
		{8DBEC7E3-9ED5-42DC-9141-D80FE2E54156}.Release|Any CPU.ActiveCfg = Release|Any CPU
		{8DBEC7E3-9ED5-42DC-9141-D80FE2E54156}.Release|Any CPU.Build.0 = Release|Any CPU
	EndGlobalSection
	GlobalSection(SolutionProperties) = preSolution
		HideSolutionNode = FALSE
	EndGlobalSection
	GlobalSection(ExtensibilityGlobals) = postSolution
		SolutionGuid = {981D5E1B-3F0D-4AC7-B1E5-148676CFD22E}
	EndGlobalSection
EndGlobal
